
Microsoft Visual Studio Solution File, Format Version 12.00
# Visual Studio Version 17
VisualStudioVersion = 17.6.33712.159
MinimumVisualStudioVersion = 10.0.40219.1
Project("{9A19103F-16F7-4668-BE54-9A1E7A4F7556}") = "Ecommapi", "Ecommapi\Ecommapi.csproj", "{E2603479-63F1-462C-8E83-8A979E97F461}"
EndProject
Global
	GlobalSection(SolutionConfigurationPlatforms) = preSolution
		Debug|Any CPU = Debug|Any CPU
		Release|Any CPU = Release|Any CPU
	EndGlobalSection
	GlobalSection(ProjectConfigurationPlatforms) = postSolution
		{E2603479-63F1-462C-8E83-8A979E97F461}.Debug|Any CPU.ActiveCfg = Debug|Any CPU
		{E2603479-63F1-462C-8E83-8A979E97F461}.Debug|Any CPU.Build.0 = Debug|Any CPU
		{E2603479-63F1-462C-8E83-8A979E97F461}.Release|Any CPU.ActiveCfg = Release|Any CPU
		{E2603479-63F1-462C-8E83-8A979E97F461}.Release|Any CPU.Build.0 = Release|Any CPU
	EndGlobalSection
	GlobalSection(SolutionProperties) = preSolution
		HideSolutionNode = FALSE
	EndGlobalSection
	GlobalSection(ExtensibilityGlobals) = postSolution
		SolutionGuid = {7EA302DC-502D-4B78-9B8E-56B35DED3F44}
	EndGlobalSection
EndGlobal
